
Microsoft Visual Studio Solution File, Format Version 12.00
# Visual Studio Version 17
VisualStudioVersion = 17.9.34607.119
MinimumVisualStudioVersion = 10.0.40219.1
Project("{FAE04EC0-301F-11D3-BF4B-00C04F79EFBC}") = "E-Commerce-MVC", "E-Commerce-MVC\E-Commerce-MVC.csproj", "{CFA3CA9C-E849-4E5D-BEB3-646E19272019}"
EndProject
Global
	GlobalSection(SolutionConfigurationPlatforms) = preSolution
		Debug|Any CPU = Debug|Any CPU
		Release|Any CPU = Release|Any CPU
	EndGlobalSection
	GlobalSection(ProjectConfigurationPlatforms) = postSolution
		{CFA3CA9C-E849-4E5D-BEB3-646E19272019}.Debug|Any CPU.ActiveCfg = Debug|Any CPU
		{CFA3CA9C-E849-4E5D-BEB3-646E19272019}.Debug|Any CPU.Build.0 = Debug|Any CPU
		{CFA3CA9C-E849-4E5D-BEB3-646E19272019}.Release|Any CPU.ActiveCfg = Release|Any CPU
		{CFA3CA9C-E849-4E5D-BEB3-646E19272019}.Release|Any CPU.Build.0 = Release|Any CPU
	EndGlobalSection
	GlobalSection(SolutionProperties) = preSolution
		HideSolutionNode = FALSE
	EndGlobalSection
	GlobalSection(ExtensibilityGlobals) = postSolution
		SolutionGuid = {739A030B-CA52-439F-BF89-02757B01DD98}
	EndGlobalSection
EndGlobal
